
Microsoft Visual Studio Solution File, Format Version 12.00
# Visual Studio Version 17
VisualStudioVersion = 17.13.35828.75
MinimumVisualStudioVersion = 10.0.40219.1
Project("{FAE04EC0-301F-11D3-BF4B-00C04F79EFBC}") = "Kogebog.API.ASP", "Kogebog.API.ASP\Kogebog.API.ASP.csproj", "{11B991BA-CC66-4CA6-86F4-288DD95277B3}"
EndProject
Project("{FAE04EC0-301F-11D3-BF4B-00C04F79EFBC}") = "Kogebog.API.Repository", "Kogebog.API.Repository\Kogebog.API.Repository.csproj", "{78FAE41D-9A6B-4B41-8D69-1766C29FAEE0}"
EndProject
Project("{FAE04EC0-301F-11D3-BF4B-00C04F79EFBC}") = "Kogebog.API.Service", "Kogebog.API.Service\Kogebog.API.Service.csproj", "{321DB1BA-C93E-469C-A0D1-08EEF938D50A}"
EndProject
Global
	GlobalSection(SolutionConfigurationPlatforms) = preSolution
		Debug|Any CPU = Debug|Any CPU
		Release|Any CPU = Release|Any CPU
	EndGlobalSection
	GlobalSection(ProjectConfigurationPlatforms) = postSolution
		{11B991BA-CC66-4CA6-86F4-288DD95277B3}.Debug|Any CPU.ActiveCfg = Debug|Any CPU
		{11B991BA-CC66-4CA6-86F4-288DD95277B3}.Debug|Any CPU.Build.0 = Debug|Any CPU
		{11B991BA-CC66-4CA6-86F4-288DD95277B3}.Release|Any CPU.ActiveCfg = Release|Any CPU
		{11B991BA-CC66-4CA6-86F4-288DD95277B3}.Release|Any CPU.Build.0 = Release|Any CPU
		{78FAE41D-9A6B-4B41-8D69-1766C29FAEE0}.Debug|Any CPU.ActiveCfg = Debug|Any CPU
		{78FAE41D-9A6B-4B41-8D69-1766C29FAEE0}.Debug|Any CPU.Build.0 = Debug|Any CPU
		{78FAE41D-9A6B-4B41-8D69-1766C29FAEE0}.Release|Any CPU.ActiveCfg = Release|Any CPU
		{78FAE41D-9A6B-4B41-8D69-1766C29FAEE0}.Release|Any CPU.Build.0 = Release|Any CPU
		{321DB1BA-C93E-469C-A0D1-08EEF938D50A}.Debug|Any CPU.ActiveCfg = Debug|Any CPU
		{321DB1BA-C93E-469C-A0D1-08EEF938D50A}.Debug|Any CPU.Build.0 = Debug|Any CPU
		{321DB1BA-C93E-469C-A0D1-08EEF938D50A}.Release|Any CPU.ActiveCfg = Release|Any CPU
		{321DB1BA-C93E-469C-A0D1-08EEF938D50A}.Release|Any CPU.Build.0 = Release|Any CPU
	EndGlobalSection
	GlobalSection(SolutionProperties) = preSolution
		HideSolutionNode = FALSE
	EndGlobalSection
	GlobalSection(ExtensibilityGlobals) = postSolution
		SolutionGuid = {14D2A9AF-BD8A-4CE0-B2C8-B0E16E534B14}
	EndGlobalSection
EndGlobal
